
Microsoft Visual Studio Solution File, Format Version 11.00
# Visual Studio 2010
Project("{FAE04EC0-301F-11D3-BF4B-00C04F79EFBC}") = "HesapMakinesi", "HesapMakinesi\HesapMakinesi.csproj", "{79824177-7DB1-4B42-A62E-6F29B5A0BCB5}"
EndProject
Global
	GlobalSection(SolutionConfigurationPlatforms) = preSolution
		Debug|x86 = Debug|x86
		Release|x86 = Release|x86
	EndGlobalSection
	GlobalSection(ProjectConfigurationPlatforms) = postSolution
		{79824177-7DB1-4B42-A62E-6F29B5A0BCB5}.Debug|x86.ActiveCfg = Debug|x86
		{79824177-7DB1-4B42-A62E-6F29B5A0BCB5}.Debug|x86.Build.0 = Debug|x86
		{79824177-7DB1-4B42-A62E-6F29B5A0BCB5}.Release|x86.ActiveCfg = Release|x86
		{79824177-7DB1-4B42-A62E-6F29B5A0BCB5}.Release|x86.Build.0 = Release|x86
	EndGlobalSection
	GlobalSection(SolutionProperties) = preSolution
		HideSolutionNode = FALSE
	EndGlobalSection
EndGlobal
